{
  "version": "4",
  "specifiers": {
    "jsr:@hono/hono@^4.7.5": "4.7.5",
    "jsr:@sapling/sapling@0.6": "0.6.0",
    "npm:@unocss/core@66": "66.0.0",
    "npm:@unocss/preset-uno@66": "66.0.0"
  },
  "jsr": {
    "@hono/hono@4.7.5": {
      "integrity": "36a7e1b3db8a58e5dc2bd36a76be53346f0966e04c24c635c4d6f58875575b0a"
    },
    "@sapling/sapling@0.6.0": {
      "integrity": "4cf56ad45c95ed5ad6b2d8f19226f1c80d3869cce309cc00db014884b9428873",
      "dependencies": [
        "jsr:@hono/hono",
        "npm:@unocss/core",
        "npm:@unocss/preset-uno"
      ]
    }
  },
  "npm": {
    "@jridgewell/sourcemap-codec@1.5.0": {
      "integrity": "sha512-gv3ZRaISU3fjPAgNsriBRqGWQL6quFx04YMPW/zD8XMLsU32mhCCbfbO6KZFLjvYpCZ8zyDEgqsgf+PwPaM7GQ=="
    },
    "@unocss/core@66.0.0": {
      "integrity": "sha512-PdVbSMHNDDkr++9nkqzsZRAkaU84gxMTEgYbqI7dt2p1DXp/5tomVtmMsr2/whXGYKRiUc0xZ3p4Pzraz8TcXA=="
    },
    "@unocss/extractor-arbitrary-variants@66.0.0": {
      "integrity": "sha512-vlkOIOuwBfaFBJcN6o7+obXjigjOlzVFN/jT6pG1WXbQDTRZ021jeF3i9INdb9D/0cQHSeDvNgi1TJ5oUxfiow==",
      "dependencies": [
        "@unocss/core"
      ]
    },
    "@unocss/preset-mini@66.0.0": {
      "integrity": "sha512-d62eACnuKtR0dwCFOQXgvw5VLh5YSyK56xCzpHkh0j0GstgfDLfKTys0T/XVAAvdSvAy/8A8vhSNJ4PlIc9V2A==",
      "dependencies": [
        "@unocss/core",
        "@unocss/extractor-arbitrary-variants",
        "@unocss/rule-utils"
      ]
    },
    "@unocss/preset-uno@66.0.0": {
      "integrity": "sha512-qgoZ/hzTI32bQvcyjcwvv1X/dbPlmQNehzgjUaL7QFT0q0/CN/SRpysfzoQ8DLl2se9T+YCOS9POx3KrpIiYSQ==",
      "dependencies": [
        "@unocss/core",
        "@unocss/preset-wind3"
      ]
    },
    "@unocss/preset-wind3@66.0.0": {
      "integrity": "sha512-WAGRmpi1sb2skvYn9DBQUvhfqrJ+VmQmn5ZGsT2ewvsk7HFCvVLAMzZeKrrTQepeNBRhg6HzFDDi8yg6yB5c9g==",
      "dependencies": [
        "@unocss/core",
        "@unocss/preset-mini",
        "@unocss/rule-utils"
      ]
    },
    "@unocss/rule-utils@66.0.0": {
      "integrity": "sha512-UJ51YHbwxYTGyj35ugsPlOT4gaa7tCbXdywZ3m5Nn0JgywwIqGmBFyiN9ZjHBHfJuDxmmPd6lxojoBscih/WMQ==",
      "dependencies": [
        "@unocss/core",
        "magic-string"
      ]
    },
    "magic-string@0.30.17": {
      "integrity": "sha512-sNPKHvyjVf7gyjwS4xGTaW/mCnF8wnjtifKBEhxfZ7E/S8tQ0rssrwGNn6q8JH/ohItJfSQp9mBtQYuTlH5QnA==",
      "dependencies": [
        "@jridgewell/sourcemap-codec"
      ]
    }
  },
  "workspace": {
    "dependencies": [
      "jsr:@hono/hono@^4.7.5",
      "jsr:@sapling/sapling@0.6"
    ]
  }
}
