{
  "version": "4",
  "specifiers": {
    "jsr:@hono/hono@^4.6.7": "4.6.13",
    "jsr:@sapling/sapling@*": "0.0.34",
    "jsr:@sapling/sapling@^0.0.34": "0.0.34",
    "jsr:@std/media-types@^1.1.0": "1.1.0",
    "jsr:@std/path@^1.0.8": "1.0.8",
    "npm:@unocss/core@0.64": "0.64.1",
    "npm:@unocss/preset-uno@~0.64.1": "0.64.1",
    "npm:urlpattern-polyfill@10": "10.0.0"
  },
  "jsr": {
    "@hono/hono@4.6.13": {
      "integrity": "198970fc6facf71a88ee57aa1ed32143b56bcb0f842fa965ca3ee7d6fdd21a8e"
    },
    "@sapling/sapling@0.0.34": {
      "integrity": "810388f7e8f636d38f6ad6ea0fa8e2fa7ded5d6bee9f1ba7f06b2e9c18a6f2ff",
      "dependencies": [
        "jsr:@hono/hono",
        "jsr:@std/media-types",
        "jsr:@std/path",
        "npm:@unocss/core",
        "npm:@unocss/preset-uno",
        "npm:urlpattern-polyfill"
      ]
    },
    "@std/media-types@1.1.0": {
      "integrity": "c9d093f0c05c3512932b330e3cc1fe1d627b301db33a4c2c2185c02471d6eaa4"
    },
    "@std/path@1.0.8": {
      "integrity": "548fa456bb6a04d3c1a1e7477986b6cffbce95102d0bb447c67c4ee70e0364be"
    }
  },
  "npm": {
    "@jridgewell/sourcemap-codec@1.5.0": {
      "integrity": "sha512-gv3ZRaISU3fjPAgNsriBRqGWQL6quFx04YMPW/zD8XMLsU32mhCCbfbO6KZFLjvYpCZ8zyDEgqsgf+PwPaM7GQ=="
    },
    "@unocss/core@0.64.1": {
      "integrity": "sha512-D1ULd70a24/k6kGyHCIijbrrIn9UjFUEBg2R4xKX2/ViQb1k2MIgOs4VS20MkJX6kbZXqqm/zAFHzDhsQGIhBA=="
    },
    "@unocss/extractor-arbitrary-variants@0.64.1": {
      "integrity": "sha512-tKtaeZYzSCaH1ASE7Uj45rPX4ApQHYE8eZFfaL3N4ZY0LYrTJPBnaLSRfLRwGD6KLHjoL3+sorywJiS/VVBcFQ==",
      "dependencies": [
        "@unocss/core"
      ]
    },
    "@unocss/preset-mini@0.64.1": {
      "integrity": "sha512-tl+ciN0elB9eETEVZQrNaMy4NpbLdWDVW7KlmpRZi4Eomf/Ntz+Wctp5V0aBvszo8arEaDiOwsgMxITvx9Ll6Q==",
      "dependencies": [
        "@unocss/core",
        "@unocss/extractor-arbitrary-variants",
        "@unocss/rule-utils"
      ]
    },
    "@unocss/preset-uno@0.64.1": {
      "integrity": "sha512-9427KmOHsck9mNfOXiCBy43Q9aAI1w15tCBJf2bDMHioJltc6JjW+Mg5DDZWnYelhzpXCYK7zTZtMJ40KxDx+g==",
      "dependencies": [
        "@unocss/core",
        "@unocss/preset-mini",
        "@unocss/preset-wind",
        "@unocss/rule-utils"
      ]
    },
    "@unocss/preset-wind@0.64.1": {
      "integrity": "sha512-IpAfsi2tI4elb2uZzc3BSZgbi0axgwgJLPFW0BtZQe4u1J+zrUIOvjCu/2jmiB7LR05IShCyMKIz9Vi4EJm+gQ==",
      "dependencies": [
        "@unocss/core",
        "@unocss/preset-mini",
        "@unocss/rule-utils"
      ]
    },
    "@unocss/rule-utils@0.64.1": {
      "integrity": "sha512-h+Du0lezKHmdsEsGQGAtGrwrTrU+Av4eij46UzpzuNWFq0mAouBu8m/lgBI1AcY9B0Jg3EJalkOgA06tAKS8jg==",
      "dependencies": [
        "@unocss/core",
        "magic-string"
      ]
    },
    "magic-string@0.30.14": {
      "integrity": "sha512-5c99P1WKTed11ZC0HMJOj6CDIue6F8ySu+bJL+85q1zBEIY8IklrJ1eiKC2NDRh3Ct3FcvmJPyQHb9erXMTJNw==",
      "dependencies": [
        "@jridgewell/sourcemap-codec"
      ]
    },
    "urlpattern-polyfill@10.0.0": {
      "integrity": "sha512-H/A06tKD7sS1O1X2SshBVeA5FLycRpjqiBeqGKmBwBDBy28EnRjORxTNe269KSSr5un5qyWi1iL61wLxpd+ZOg=="
    }
  },
  "workspace": {
    "dependencies": [
      "jsr:@sapling/sapling@^0.0.34"
    ]
  }
}
