{
  "name": "sapling-node",
  "version": "1.0.0",
  "lockfileVersion": 3,
  "requires": true,
  "packages": {
    "": {
      "name": "sapling-node",
      "version": "1.0.0",
      "license": "ISC",
      "dependencies": {
        "@hono/node-server": "^1.13.7",
        "@sapling/sapling": "npm:@jsr/sapling__sapling@^0.6.0",
        "hono": "^4.7.5"
      }
    },
    "node_modules/@hono/node-server": {
      "version": "1.13.7",
      "resolved": "https://registry.npmjs.org/@hono/node-server/-/node-server-1.13.7.tgz",
      "integrity": "sha512-kTfUMsoloVKtRA2fLiGSd9qBddmru9KadNyhJCwgKBxTiNkaAJEwkVN9KV/rS4HtmmNRtUh6P+YpmjRMl0d9vQ==",
      "license": "MIT",
      "engines": {
        "node": ">=18.14.1"
      },
      "peerDependencies": {
        "hono": "^4"
      }
    },
    "node_modules/@jridgewell/sourcemap-codec": {
      "version": "1.5.0",
      "resolved": "https://registry.npmjs.org/@jridgewell/sourcemap-codec/-/sourcemap-codec-1.5.0.tgz",
      "integrity": "sha512-gv3ZRaISU3fjPAgNsriBRqGWQL6quFx04YMPW/zD8XMLsU32mhCCbfbO6KZFLjvYpCZ8zyDEgqsgf+PwPaM7GQ==",
      "license": "MIT"
    },
    "node_modules/@jsr/hono__hono": {
      "version": "4.7.5",
      "resolved": "https://npm.jsr.io/~/11/@jsr/hono__hono/4.7.5.tgz",
      "integrity": "sha512-+1M5DvwlSTeo8a1uxpw+8TnWeOeRYHaokGJH2I2xrrC88QkV+CjnSKtvlQYgz7VVE1cGMIoQzMxLB2pq+OAjXA=="
    },
    "node_modules/@sapling/sapling": {
      "name": "@jsr/sapling__sapling",
      "version": "0.6.0",
      "resolved": "https://npm.jsr.io/~/11/@jsr/sapling__sapling/0.6.0.tgz",
      "integrity": "sha512-LwNlbAG3vWD4sOiWpW9x+4C0TwjPF9UOGZNzjVRjGX61JkFWpFMoPXR353GyOnfk8GmGSpRzZTfXwcMXlUdyJA==",
      "dependencies": {
        "@jsr/hono__hono": "^4.7.5",
        "@unocss/core": "^66.0.0",
        "@unocss/preset-uno": "^66.0.0"
      }
    },
    "node_modules/@unocss/core": {
      "version": "66.0.0",
      "resolved": "https://registry.npmjs.org/@unocss/core/-/core-66.0.0.tgz",
      "integrity": "sha512-PdVbSMHNDDkr++9nkqzsZRAkaU84gxMTEgYbqI7dt2p1DXp/5tomVtmMsr2/whXGYKRiUc0xZ3p4Pzraz8TcXA==",
      "license": "MIT",
      "funding": {
        "url": "https://github.com/sponsors/antfu"
      }
    },
    "node_modules/@unocss/extractor-arbitrary-variants": {
      "version": "66.0.0",
      "resolved": "https://registry.npmjs.org/@unocss/extractor-arbitrary-variants/-/extractor-arbitrary-variants-66.0.0.tgz",
      "integrity": "sha512-vlkOIOuwBfaFBJcN6o7+obXjigjOlzVFN/jT6pG1WXbQDTRZ021jeF3i9INdb9D/0cQHSeDvNgi1TJ5oUxfiow==",
      "license": "MIT",
      "dependencies": {
        "@unocss/core": "66.0.0"
      },
      "funding": {
        "url": "https://github.com/sponsors/antfu"
      }
    },
    "node_modules/@unocss/preset-mini": {
      "version": "66.0.0",
      "resolved": "https://registry.npmjs.org/@unocss/preset-mini/-/preset-mini-66.0.0.tgz",
      "integrity": "sha512-d62eACnuKtR0dwCFOQXgvw5VLh5YSyK56xCzpHkh0j0GstgfDLfKTys0T/XVAAvdSvAy/8A8vhSNJ4PlIc9V2A==",
      "license": "MIT",
      "dependencies": {
        "@unocss/core": "66.0.0",
        "@unocss/extractor-arbitrary-variants": "66.0.0",
        "@unocss/rule-utils": "66.0.0"
      },
      "funding": {
        "url": "https://github.com/sponsors/antfu"
      }
    },
    "node_modules/@unocss/preset-uno": {
      "version": "66.0.0",
      "resolved": "https://registry.npmjs.org/@unocss/preset-uno/-/preset-uno-66.0.0.tgz",
      "integrity": "sha512-qgoZ/hzTI32bQvcyjcwvv1X/dbPlmQNehzgjUaL7QFT0q0/CN/SRpysfzoQ8DLl2se9T+YCOS9POx3KrpIiYSQ==",
      "license": "MIT",
      "dependencies": {
        "@unocss/core": "66.0.0",
        "@unocss/preset-wind3": "66.0.0"
      },
      "funding": {
        "url": "https://github.com/sponsors/antfu"
      }
    },
    "node_modules/@unocss/preset-wind3": {
      "version": "66.0.0",
      "resolved": "https://registry.npmjs.org/@unocss/preset-wind3/-/preset-wind3-66.0.0.tgz",
      "integrity": "sha512-WAGRmpi1sb2skvYn9DBQUvhfqrJ+VmQmn5ZGsT2ewvsk7HFCvVLAMzZeKrrTQepeNBRhg6HzFDDi8yg6yB5c9g==",
      "license": "MIT",
      "dependencies": {
        "@unocss/core": "66.0.0",
        "@unocss/preset-mini": "66.0.0",
        "@unocss/rule-utils": "66.0.0"
      },
      "funding": {
        "url": "https://github.com/sponsors/antfu"
      }
    },
    "node_modules/@unocss/rule-utils": {
      "version": "66.0.0",
      "resolved": "https://registry.npmjs.org/@unocss/rule-utils/-/rule-utils-66.0.0.tgz",
      "integrity": "sha512-UJ51YHbwxYTGyj35ugsPlOT4gaa7tCbXdywZ3m5Nn0JgywwIqGmBFyiN9ZjHBHfJuDxmmPd6lxojoBscih/WMQ==",
      "license": "MIT",
      "dependencies": {
        "@unocss/core": "^66.0.0",
        "magic-string": "^0.30.17"
      },
      "engines": {
        "node": ">=14"
      },
      "funding": {
        "url": "https://github.com/sponsors/antfu"
      }
    },
    "node_modules/hono": {
      "version": "4.7.5",
      "resolved": "https://registry.npmjs.org/hono/-/hono-4.7.5.tgz",
      "integrity": "sha512-fDOK5W2C1vZACsgLONigdZTRZxuBqFtcKh7bUQ5cVSbwI2RWjloJDcgFOVzbQrlI6pCmhlTsVYZ7zpLj4m4qMQ==",
      "license": "MIT",
      "engines": {
        "node": ">=16.9.0"
      }
    },
    "node_modules/magic-string": {
      "version": "0.30.17",
      "resolved": "https://registry.npmjs.org/magic-string/-/magic-string-0.30.17.tgz",
      "integrity": "sha512-sNPKHvyjVf7gyjwS4xGTaW/mCnF8wnjtifKBEhxfZ7E/S8tQ0rssrwGNn6q8JH/ohItJfSQp9mBtQYuTlH5QnA==",
      "license": "MIT",
      "dependencies": {
        "@jridgewell/sourcemap-codec": "^1.5.0"
      }
    }
  }
}
