{
  "version": "4",
  "specifiers": {
    "jsr:@sapling/sapling@0.2": "0.2.0",
    "jsr:@std/media-types@^1.1.0": "1.1.0",
    "jsr:@std/path@^1.0.8": "1.0.8",
    "npm:@unocss/core@^65.4.0": "65.4.2",
    "npm:@unocss/preset-uno@^65.4.0": "65.4.2",
    "npm:urlpattern-polyfill@10": "10.0.0"
  },
  "jsr": {
    "@sapling/sapling@0.2.0": {
      "integrity": "0d32cab111eb8eca7d7bec360ccb9395ae75d828b70ab73b451fbe0b464de1db",
      "dependencies": [
        "jsr:@std/media-types",
        "jsr:@std/path",
        "npm:@unocss/core",
        "npm:@unocss/preset-uno",
        "npm:urlpattern-polyfill"
      ]
    },
    "@std/media-types@1.1.0": {
      "integrity": "c9d093f0c05c3512932b330e3cc1fe1d627b301db33a4c2c2185c02471d6eaa4"
    },
    "@std/path@1.0.8": {
      "integrity": "548fa456bb6a04d3c1a1e7477986b6cffbce95102d0bb447c67c4ee70e0364be"
    }
  },
  "npm": {
    "@jridgewell/sourcemap-codec@1.5.0": {
      "integrity": "sha512-gv3ZRaISU3fjPAgNsriBRqGWQL6quFx04YMPW/zD8XMLsU32mhCCbfbO6KZFLjvYpCZ8zyDEgqsgf+PwPaM7GQ=="
    },
    "@unocss/core@65.4.2": {
      "integrity": "sha512-VmXy5D25por+pt9LBlKZ3gk4rOE5ldm80MyVOEnLcpaFb9LqB0g/8qUU9/Dk3TSA+ZPeoGm53Juo0p8LMFIigA=="
    },
    "@unocss/extractor-arbitrary-variants@65.4.2": {
      "integrity": "sha512-qm5JXfjbxgXqhQAeOfV1jFT1ThBTi1bP1m+Nu2p6tB9EUbAUp+AKY4sODueqDXoriUtOc7h0QzyW3Lm+s3fTGw==",
      "dependencies": [
        "@unocss/core"
      ]
    },
    "@unocss/preset-mini@65.4.2": {
      "integrity": "sha512-4ZZK9KwDHjI8wFUKeB+30GHekPmy1OzXncjlXhqm+vNQ7FO3xCee7VY00E5bgz5Tt0pXALcKFlrEspjpSaeCoQ==",
      "dependencies": [
        "@unocss/core",
        "@unocss/extractor-arbitrary-variants",
        "@unocss/rule-utils"
      ]
    },
    "@unocss/preset-uno@65.4.2": {
      "integrity": "sha512-rJcGx/+EWA3wXGOAZdYQFSEn8knsiqiST/Ji1adN+9dTq4BVYMZ9n3zYRF6GZ8p61aZomhU4jmzpLk12RMdxpg==",
      "dependencies": [
        "@unocss/core",
        "@unocss/preset-mini",
        "@unocss/preset-wind",
        "@unocss/rule-utils"
      ]
    },
    "@unocss/preset-wind@65.4.2": {
      "integrity": "sha512-TQm9P2UHpqfn92APfZJtbK2brkXQ+GInFL2evup/ZChU1fqdbH9mL0ef6ZNQbCH4gjY6mEzwPXt4lhGod6CajA==",
      "dependencies": [
        "@unocss/core",
        "@unocss/preset-mini",
        "@unocss/rule-utils"
      ]
    },
    "@unocss/rule-utils@65.4.2": {
      "integrity": "sha512-OdMSJZiZUr8XmLo3Bz3Wrw1nZLT1nTPnPOV8gdi4vZ+2RgCChua9o8Dz4IyeQ7mMhLXoqHIUpJ7jE5Nv+Uz1Fw==",
      "dependencies": [
        "@unocss/core",
        "magic-string"
      ]
    },
    "magic-string@0.30.17": {
      "integrity": "sha512-sNPKHvyjVf7gyjwS4xGTaW/mCnF8wnjtifKBEhxfZ7E/S8tQ0rssrwGNn6q8JH/ohItJfSQp9mBtQYuTlH5QnA==",
      "dependencies": [
        "@jridgewell/sourcemap-codec"
      ]
    },
    "urlpattern-polyfill@10.0.0": {
      "integrity": "sha512-H/A06tKD7sS1O1X2SshBVeA5FLycRpjqiBeqGKmBwBDBy28EnRjORxTNe269KSSr5un5qyWi1iL61wLxpd+ZOg=="
    }
  },
  "workspace": {
    "dependencies": [
      "jsr:@sapling/sapling@0.2"
    ]
  }
}
