{
  "version": "4",
  "specifiers": {
    "jsr:@hono/hono@^4.6.7": "4.6.9",
    "jsr:@sapling/sapling@*": "0.0.12",
    "jsr:@sapling/sapling@^0.0.12": "0.0.12",
    "npm:@unocss/core@0.64": "0.64.0",
    "npm:@unocss/preset-uno@0.64.0": "0.64.0"
  },
  "jsr": {
    "@hono/hono@4.6.9": {
      "integrity": "4d4975f5c023d4416d26e6dd4a498c56e59958561733f56f55a9be57f023603b"
    },
    "@sapling/sapling@0.0.12": {
      "integrity": "a07478057eac25845969c341afbed194742c28651cbd9635a64bc594d46d510d",
      "dependencies": [
        "jsr:@hono/hono",
        "npm:@unocss/core",
        "npm:@unocss/preset-uno"
      ]
    }
  },
  "npm": {
    "@jridgewell/sourcemap-codec@1.5.0": {
      "integrity": "sha512-gv3ZRaISU3fjPAgNsriBRqGWQL6quFx04YMPW/zD8XMLsU32mhCCbfbO6KZFLjvYpCZ8zyDEgqsgf+PwPaM7GQ=="
    },
    "@unocss/core@0.64.0": {
      "integrity": "sha512-Qb8wWPYNlTagCdJGzULew+e3NMM8Bd7fr38lDLgrMj+njop+wzkSe1ZZOyMMH9yHSq/Rznn5eCjnyzyHwxGslQ=="
    },
    "@unocss/extractor-arbitrary-variants@0.64.0": {
      "integrity": "sha512-oVB8l8zM+x0MQJTkraRcsrfJnWEwyPVgMgtzmNUm//HqV+xTrjZCNtOqHFNIZdj/+w0gkErGQLxzRwyPjlHq4g==",
      "dependencies": [
        "@unocss/core"
      ]
    },
    "@unocss/preset-mini@0.64.0": {
      "integrity": "sha512-bc7zanalVQUrETJ06eyS7y/lhceRlY8kBG/lRCV/dYmKl4Ho/s57LrpZH0G63OcO6IfWIjwoZHVC8/RHAqnYvQ==",
      "dependencies": [
        "@unocss/core",
        "@unocss/extractor-arbitrary-variants",
        "@unocss/rule-utils"
      ]
    },
    "@unocss/preset-uno@0.64.0": {
      "integrity": "sha512-gUmuL8anty551r/Q2XU5wc0aNZ+te4yydnamXHSUv3EkX6PCphOaiWsQ5f95fj26G8EYH9fLBvxqXurFBPM7og==",
      "dependencies": [
        "@unocss/core",
        "@unocss/preset-mini",
        "@unocss/preset-wind",
        "@unocss/rule-utils"
      ]
    },
    "@unocss/preset-wind@0.64.0": {
      "integrity": "sha512-cJbZI4etFrIIQoC1VhRqyEZU5fUaYqOH3uIt5lM3osxBdAvHds7SPjLRbdR612US7JbuPeFhMMRnA1EYoo39sQ==",
      "dependencies": [
        "@unocss/core",
        "@unocss/preset-mini",
        "@unocss/rule-utils"
      ]
    },
    "@unocss/rule-utils@0.64.0": {
      "integrity": "sha512-R5b/uspq6XsmpEqhxSzOOePHsS+pdxya+0pkQw7m6thsUxNDL7kVDpBiz2iNX5lnwagvhyhUWYu85a8XmZ8ymw==",
      "dependencies": [
        "@unocss/core",
        "magic-string"
      ]
    },
    "magic-string@0.30.12": {
      "integrity": "sha512-Ea8I3sQMVXr8JhN4z+H/d8zwo+tYDgHE9+5G4Wnrwhs0gaK9fXTKx0Tw5Xwsd/bCPTTZNRAdpyzvoeORe9LYpw==",
      "dependencies": [
        "@jridgewell/sourcemap-codec"
      ]
    }
  },
  "workspace": {
    "dependencies": [
      "jsr:@sapling/sapling@^0.0.12"
    ]
  }
}
