{
  "version": "4",
  "specifiers": {
    "jsr:@hono/hono@^4.6.7": "4.6.9",
    "jsr:@oak/commons@1": "1.0.0",
    "jsr:@oak/oak@*": "17.1.3",
    "jsr:@oak/oak@^17.1.3": "17.1.3",
    "jsr:@sapling/sapling@^0.0.18": "0.0.18",
    "jsr:@std/assert@1": "1.0.7",
    "jsr:@std/bytes@1": "1.0.3",
    "jsr:@std/bytes@^1.0.2": "1.0.3",
    "jsr:@std/crypto@1": "1.0.3",
    "jsr:@std/encoding@1": "1.0.5",
    "jsr:@std/encoding@^1.0.5": "1.0.5",
    "jsr:@std/http@1": "1.0.9",
    "jsr:@std/io@0.224": "0.224.9",
    "jsr:@std/media-types@1": "1.0.3",
    "jsr:@std/path@1": "1.0.8",
    "npm:@unocss/core@0.64": "0.64.0",
    "npm:@unocss/preset-uno@0.64.0": "0.64.0",
    "npm:path-to-regexp@6.2.1": "6.2.1"
  },
  "jsr": {
    "@hono/hono@4.6.9": {
      "integrity": "4d4975f5c023d4416d26e6dd4a498c56e59958561733f56f55a9be57f023603b"
    },
    "@oak/commons@1.0.0": {
      "integrity": "49805b55603c3627a9d6235c0655aa2b6222d3036b3a13ff0380c16368f607ac",
      "dependencies": [
        "jsr:@std/assert",
        "jsr:@std/bytes@1",
        "jsr:@std/crypto",
        "jsr:@std/encoding@1",
        "jsr:@std/http",
        "jsr:@std/media-types"
      ]
    },
    "@oak/oak@17.1.3": {
      "integrity": "d89296c22db91681dd3a2a1e1fd14e258d0d5a9654de55637aee5b661c159f33",
      "dependencies": [
        "jsr:@oak/commons",
        "jsr:@std/assert",
        "jsr:@std/bytes@1",
        "jsr:@std/crypto",
        "jsr:@std/http",
        "jsr:@std/io",
        "jsr:@std/media-types",
        "jsr:@std/path",
        "npm:path-to-regexp"
      ]
    },
    "@sapling/sapling@0.0.18": {
      "integrity": "10e0ffe98a5a2cc82f4126d915f586fb968ead014a476cb6d47d355f059cef49",
      "dependencies": [
        "jsr:@hono/hono",
        "npm:@unocss/core",
        "npm:@unocss/preset-uno"
      ]
    },
    "@std/assert@1.0.7": {
      "integrity": "64ce9fac879e0b9f3042a89b3c3f8ccfc9c984391af19e2087513a79d73e28c3"
    },
    "@std/bytes@1.0.3": {
      "integrity": "e5d5b9e685966314e4edb4be60dfc4bd7624a075bfd4ec8109252b4320f76452"
    },
    "@std/crypto@1.0.3": {
      "integrity": "a2a32f51ddef632d299e3879cd027c630dcd4d1d9a5285d6e6788072f4e51e7f"
    },
    "@std/encoding@1.0.5": {
      "integrity": "ecf363d4fc25bd85bd915ff6733a7e79b67e0e7806334af15f4645c569fefc04"
    },
    "@std/http@1.0.9": {
      "integrity": "d409fc319a5e8d4a154e576c758752e9700282d74f31357a12fec6420f9ecb6c",
      "dependencies": [
        "jsr:@std/encoding@^1.0.5"
      ]
    },
    "@std/io@0.224.9": {
      "integrity": "4414664b6926f665102e73c969cfda06d2c4c59bd5d0c603fd4f1b1c840d6ee3",
      "dependencies": [
        "jsr:@std/bytes@^1.0.2"
      ]
    },
    "@std/media-types@1.0.3": {
      "integrity": "b12d30a7852f7578f4d210622df713bbfd1cbdd9b4ec2eaf5c1845ab70bab159"
    },
    "@std/path@1.0.8": {
      "integrity": "548fa456bb6a04d3c1a1e7477986b6cffbce95102d0bb447c67c4ee70e0364be"
    }
  },
  "npm": {
    "@jridgewell/sourcemap-codec@1.5.0": {
      "integrity": "sha512-gv3ZRaISU3fjPAgNsriBRqGWQL6quFx04YMPW/zD8XMLsU32mhCCbfbO6KZFLjvYpCZ8zyDEgqsgf+PwPaM7GQ=="
    },
    "@unocss/core@0.64.0": {
      "integrity": "sha512-Qb8wWPYNlTagCdJGzULew+e3NMM8Bd7fr38lDLgrMj+njop+wzkSe1ZZOyMMH9yHSq/Rznn5eCjnyzyHwxGslQ=="
    },
    "@unocss/extractor-arbitrary-variants@0.64.0": {
      "integrity": "sha512-oVB8l8zM+x0MQJTkraRcsrfJnWEwyPVgMgtzmNUm//HqV+xTrjZCNtOqHFNIZdj/+w0gkErGQLxzRwyPjlHq4g==",
      "dependencies": [
        "@unocss/core"
      ]
    },
    "@unocss/preset-mini@0.64.0": {
      "integrity": "sha512-bc7zanalVQUrETJ06eyS7y/lhceRlY8kBG/lRCV/dYmKl4Ho/s57LrpZH0G63OcO6IfWIjwoZHVC8/RHAqnYvQ==",
      "dependencies": [
        "@unocss/core",
        "@unocss/extractor-arbitrary-variants",
        "@unocss/rule-utils"
      ]
    },
    "@unocss/preset-uno@0.64.0": {
      "integrity": "sha512-gUmuL8anty551r/Q2XU5wc0aNZ+te4yydnamXHSUv3EkX6PCphOaiWsQ5f95fj26G8EYH9fLBvxqXurFBPM7og==",
      "dependencies": [
        "@unocss/core",
        "@unocss/preset-mini",
        "@unocss/preset-wind",
        "@unocss/rule-utils"
      ]
    },
    "@unocss/preset-wind@0.64.0": {
      "integrity": "sha512-cJbZI4etFrIIQoC1VhRqyEZU5fUaYqOH3uIt5lM3osxBdAvHds7SPjLRbdR612US7JbuPeFhMMRnA1EYoo39sQ==",
      "dependencies": [
        "@unocss/core",
        "@unocss/preset-mini",
        "@unocss/rule-utils"
      ]
    },
    "@unocss/rule-utils@0.64.0": {
      "integrity": "sha512-R5b/uspq6XsmpEqhxSzOOePHsS+pdxya+0pkQw7m6thsUxNDL7kVDpBiz2iNX5lnwagvhyhUWYu85a8XmZ8ymw==",
      "dependencies": [
        "@unocss/core",
        "magic-string"
      ]
    },
    "magic-string@0.30.12": {
      "integrity": "sha512-Ea8I3sQMVXr8JhN4z+H/d8zwo+tYDgHE9+5G4Wnrwhs0gaK9fXTKx0Tw5Xwsd/bCPTTZNRAdpyzvoeORe9LYpw==",
      "dependencies": [
        "@jridgewell/sourcemap-codec"
      ]
    },
    "path-to-regexp@6.2.1": {
      "integrity": "sha512-JLyh7xT1kizaEvcaXOQwOc2/Yhw6KZOvPf1S8401UyLk86CU79LN3vl7ztXGm/pZ+YjoyAJ4rxmHwbkBXJX+yw=="
    }
  },
  "workspace": {
    "dependencies": [
      "jsr:@oak/oak@^17.1.3",
      "jsr:@sapling/sapling@^0.0.18"
    ]
  }
}
