{
  "name": "vanilla",
  "version": "1.0.0",
  "lockfileVersion": 3,
  "requires": true,
  "packages": {
    "": {
      "name": "vanilla",
      "version": "1.0.0",
      "license": "ISC",
      "dependencies": {
        "@sapling/sapling": "npm:@jsr/sapling__sapling@^0.0.12"
      }
    },
    "node_modules/@jridgewell/sourcemap-codec": {
      "version": "1.5.0",
      "resolved": "https://registry.npmjs.org/@jridgewell/sourcemap-codec/-/sourcemap-codec-1.5.0.tgz",
      "integrity": "sha512-gv3ZRaISU3fjPAgNsriBRqGWQL6quFx04YMPW/zD8XMLsU32mhCCbfbO6KZFLjvYpCZ8zyDEgqsgf+PwPaM7GQ==",
      "license": "MIT"
    },
    "node_modules/@jsr/hono__hono": {
      "version": "4.6.9",
      "resolved": "https://npm.jsr.io/~/11/@jsr/hono__hono/4.6.9.tgz",
      "integrity": "sha512-ocNZ/vWy0cp90vkFh+ctWFkPfPRq4+Zspt1Z+712ncc3r0dfjnwzsBRzgnvVVbtm7cAm2oUFnd9eGahaQ+uajg=="
    },
    "node_modules/@sapling/sapling": {
      "name": "@jsr/sapling__sapling",
      "version": "0.0.12",
      "resolved": "https://npm.jsr.io/~/11/@jsr/sapling__sapling/0.0.12.tgz",
      "integrity": "sha512-My0pe5JZ8ISfj8K022dfA63/+EbEpNtZn0X8TEQZ1S3m9BAJ9TMTNXZ3vSBlya33MRblQB14KEOVgxp/b/klVg==",
      "dependencies": {
        "@jsr/hono__hono": "^4.6.7",
        "@unocss/core": "^0.64.0",
        "@unocss/preset-uno": "0.64.0"
      }
    },
    "node_modules/@unocss/core": {
      "version": "0.64.0",
      "resolved": "https://registry.npmjs.org/@unocss/core/-/core-0.64.0.tgz",
      "integrity": "sha512-Qb8wWPYNlTagCdJGzULew+e3NMM8Bd7fr38lDLgrMj+njop+wzkSe1ZZOyMMH9yHSq/Rznn5eCjnyzyHwxGslQ==",
      "license": "MIT",
      "funding": {
        "url": "https://github.com/sponsors/antfu"
      }
    },
    "node_modules/@unocss/extractor-arbitrary-variants": {
      "version": "0.64.0",
      "resolved": "https://registry.npmjs.org/@unocss/extractor-arbitrary-variants/-/extractor-arbitrary-variants-0.64.0.tgz",
      "integrity": "sha512-oVB8l8zM+x0MQJTkraRcsrfJnWEwyPVgMgtzmNUm//HqV+xTrjZCNtOqHFNIZdj/+w0gkErGQLxzRwyPjlHq4g==",
      "license": "MIT",
      "dependencies": {
        "@unocss/core": "0.64.0"
      },
      "funding": {
        "url": "https://github.com/sponsors/antfu"
      }
    },
    "node_modules/@unocss/preset-mini": {
      "version": "0.64.0",
      "resolved": "https://registry.npmjs.org/@unocss/preset-mini/-/preset-mini-0.64.0.tgz",
      "integrity": "sha512-bc7zanalVQUrETJ06eyS7y/lhceRlY8kBG/lRCV/dYmKl4Ho/s57LrpZH0G63OcO6IfWIjwoZHVC8/RHAqnYvQ==",
      "license": "MIT",
      "dependencies": {
        "@unocss/core": "0.64.0",
        "@unocss/extractor-arbitrary-variants": "0.64.0",
        "@unocss/rule-utils": "0.64.0"
      },
      "funding": {
        "url": "https://github.com/sponsors/antfu"
      }
    },
    "node_modules/@unocss/preset-uno": {
      "version": "0.64.0",
      "resolved": "https://registry.npmjs.org/@unocss/preset-uno/-/preset-uno-0.64.0.tgz",
      "integrity": "sha512-gUmuL8anty551r/Q2XU5wc0aNZ+te4yydnamXHSUv3EkX6PCphOaiWsQ5f95fj26G8EYH9fLBvxqXurFBPM7og==",
      "license": "MIT",
      "dependencies": {
        "@unocss/core": "0.64.0",
        "@unocss/preset-mini": "0.64.0",
        "@unocss/preset-wind": "0.64.0",
        "@unocss/rule-utils": "0.64.0"
      },
      "funding": {
        "url": "https://github.com/sponsors/antfu"
      }
    },
    "node_modules/@unocss/preset-wind": {
      "version": "0.64.0",
      "resolved": "https://registry.npmjs.org/@unocss/preset-wind/-/preset-wind-0.64.0.tgz",
      "integrity": "sha512-cJbZI4etFrIIQoC1VhRqyEZU5fUaYqOH3uIt5lM3osxBdAvHds7SPjLRbdR612US7JbuPeFhMMRnA1EYoo39sQ==",
      "license": "MIT",
      "dependencies": {
        "@unocss/core": "0.64.0",
        "@unocss/preset-mini": "0.64.0",
        "@unocss/rule-utils": "0.64.0"
      },
      "funding": {
        "url": "https://github.com/sponsors/antfu"
      }
    },
    "node_modules/@unocss/rule-utils": {
      "version": "0.64.0",
      "resolved": "https://registry.npmjs.org/@unocss/rule-utils/-/rule-utils-0.64.0.tgz",
      "integrity": "sha512-R5b/uspq6XsmpEqhxSzOOePHsS+pdxya+0pkQw7m6thsUxNDL7kVDpBiz2iNX5lnwagvhyhUWYu85a8XmZ8ymw==",
      "license": "MIT",
      "dependencies": {
        "@unocss/core": "^0.64.0",
        "magic-string": "^0.30.12"
      },
      "engines": {
        "node": ">=14"
      },
      "funding": {
        "url": "https://github.com/sponsors/antfu"
      }
    },
    "node_modules/magic-string": {
      "version": "0.30.12",
      "resolved": "https://registry.npmjs.org/magic-string/-/magic-string-0.30.12.tgz",
      "integrity": "sha512-Ea8I3sQMVXr8JhN4z+H/d8zwo+tYDgHE9+5G4Wnrwhs0gaK9fXTKx0Tw5Xwsd/bCPTTZNRAdpyzvoeORe9LYpw==",
      "license": "MIT",
      "dependencies": {
        "@jridgewell/sourcemap-codec": "^1.5.0"
      }
    }
  }
}
